
Microsoft Visual Studio Solution File, Format Version 12.00
# Visual Studio Version 17
VisualStudioVersion = 17.0.32126.317
MinimumVisualStudioVersion = 10.0.40219.1
Project("{FAE04EC0-301F-11D3-BF4B-00C04F79EFBC}") = "class01Github", "class01Github\class01Github.csproj", "{444A471D-B8BB-4B93-AC27-1661715FF92C}"
EndProject
Global
	GlobalSection(SolutionConfigurationPlatforms) = preSolution
		Debug|Any CPU = Debug|Any CPU
		Release|Any CPU = Release|Any CPU
	EndGlobalSection
	GlobalSection(ProjectConfigurationPlatforms) = postSolution
		{444A471D-B8BB-4B93-AC27-1661715FF92C}.Debug|Any CPU.ActiveCfg = Debug|Any CPU
		{444A471D-B8BB-4B93-AC27-1661715FF92C}.Debug|Any CPU.Build.0 = Debug|Any CPU
		{444A471D-B8BB-4B93-AC27-1661715FF92C}.Release|Any CPU.ActiveCfg = Release|Any CPU
		{444A471D-B8BB-4B93-AC27-1661715FF92C}.Release|Any CPU.Build.0 = Release|Any CPU
	EndGlobalSection
	GlobalSection(SolutionProperties) = preSolution
		HideSolutionNode = FALSE
	EndGlobalSection
	GlobalSection(ExtensibilityGlobals) = postSolution
		SolutionGuid = {ABEF385E-7D33-4FC6-913B-263EAB213C70}
	EndGlobalSection
EndGlobal
